{
  "name": "miniapp-enhance-demo",
  "version": "1.0.0",
  "lockfileVersion": 1,
  "requires": true,
  "dependencies": {
    "@didi/chameleon": {
      "version": "7.0.0",
      "resolved": "http://registry.npm.xiaojukeji.com/@didi/chameleon/download/@didi/chameleon-7.0.0.tgz",
      "integrity": "sha1-PXCF1kC8c8utkOvkdmRa6+cvbGo=",
      "requires": {
        "mobx": "4.8.0"
      }
    },
    "@didi/chameleon-api": {
      "version": "3.0.1-alpha.1",
      "resolved": "http://registry.npm.xiaojukeji.com/@didi/chameleon-api/download/@didi/chameleon-api-3.0.1-alpha.1.tgz",
      "integrity": "sha1-0h/nnuYaRweXxMo6U/rQfI6KIUY=",
      "requires": {
        "@didi/chameleon-bridge": "0.2.0",
        "child_process": "1.0.2",
        "events": "3.1.0",
        "fetch-detector": "1.0.1",
        "fetch-ie8": "1.5.0"
      }
    },
    "@didi/chameleon-bridge": {
      "version": "0.2.0",
      "resolved": "http://registry.npm.xiaojukeji.com/@didi/chameleon-bridge/download/@didi/chameleon-bridge-0.2.0.tgz",
      "integrity": "sha1-6YLgpffg+YruYF+MEyiPjWS/0MA="
    },
    "@didi/chameleon-scroll": {
      "version": "0.0.3",
      "resolved": "http://registry.npm.xiaojukeji.com/@didi/chameleon-scroll/download/@didi/chameleon-scroll-0.0.3.tgz",
      "integrity": "sha1-yybS0msZBPtW7dInKRT5RBvHcLk="
    },
    "@didi/chameleon-store": {
      "version": "2.0.0",
      "resolved": "http://registry.npm.xiaojukeji.com/@didi/chameleon-store/download/@didi/chameleon-store-2.0.0.tgz",
      "integrity": "sha1-il4SVjThm+FRVAWdppx11KN4Kzg=",
      "requires": {
        "mobx": "4.8.0",
        "vuex": "3.0.1"
      }
    },
    "@didi/chameleon-ui": {
      "version": "3.0.0",
      "resolved": "http://registry.npm.xiaojukeji.com/@didi/chameleon-ui/download/@didi/chameleon-ui-3.0.0.tgz",
      "integrity": "sha1-n7+d8QTw4fH1gFfla0aUV0A+DuM="
    },
    "@didi/chameleon-ui-builtin": {
      "version": "3.0.0",
      "resolved": "http://registry.npm.xiaojukeji.com/@didi/chameleon-ui-builtin/download/@didi/chameleon-ui-builtin-3.0.0.tgz",
      "integrity": "sha1-9qJMmSo6NQMY4CvuMlYbP5PeJw4=",
      "requires": {
        "@didi/chameleon-scroll": "0.0.3"
      }
    },
    "child_process": {
      "version": "1.0.2",
      "resolved": "http://registry.npm.xiaojukeji.com/child_process/download/child_process-1.0.2.tgz",
      "integrity": "sha1-sffn/HPSXn/R1FWtyU4UODAYK1o="
    },
    "events": {
      "version": "3.1.0",
      "resolved": "http://registry.npm.xiaojukeji.com/events/download/events-3.1.0.tgz",
      "integrity": "sha1-hCea8bNMt1qoi/X/KR9tC9mzGlk="
    },
    "fetch-detector": {
      "version": "1.0.1",
      "resolved": "http://registry.npm.xiaojukeji.com/fetch-detector/download/fetch-detector-1.0.1.tgz",
      "integrity": "sha1-bLPq9zjCcnhi6GiA1hIUI+qkIIM="
    },
    "fetch-ie8": {
      "version": "1.5.0",
      "resolved": "http://registry.npm.xiaojukeji.com/fetch-ie8/download/fetch-ie8-1.5.0.tgz",
      "integrity": "sha1-8RQcP5bLyJN6oxsPvBp3AiD7wVs="
    },
    "mobx": {
      "version": "4.8.0",
      "resolved": "http://registry.npm.xiaojukeji.com/mobx/download/mobx-4.8.0.tgz",
      "integrity": "sha1-YFn+ueDTRArMpa4ZLarWMZixGA8="
    },
    "vuex": {
      "version": "3.0.1",
      "resolved": "http://registry.npm.xiaojukeji.com/vuex/download/vuex-3.0.1.tgz",
      "integrity": "sha1-52E1Lr4K9TfUu3Vam53Evj3379I="
    }
  }
}
